// !$*UTF8*$!
{
	archiveVersion = 1;
	classes = {
	};
	objectVersion = 46;
	objects = {

/* Begin PBXBuildFile section */
		OBJ_48 /* Apodimark.swift in Sources */ = {isa = PBXBuildFile; fileRef = OBJ_9 /* Apodimark.swift */; };
		OBJ_49 /* MarkdownParser.swift in Sources */ = {isa = PBXBuildFile; fileRef = OBJ_10 /* MarkdownParser.swift */; };
		OBJ_50 /* MarkdownParserCodec.swift in Sources */ = {isa = PBXBuildFile; fileRef = OBJ_11 /* MarkdownParserCodec.swift */; };
		OBJ_51 /* BlockAST.swift in Sources */ = {isa = PBXBuildFile; fileRef = OBJ_13 /* BlockAST.swift */; };
		OBJ_52 /* BlockParsing.swift in Sources */ = {isa = PBXBuildFile; fileRef = OBJ_14 /* BlockParsing.swift */; };
		OBJ_53 /* LineLexer.swift in Sources */ = {isa = PBXBuildFile; fileRef = OBJ_15 /* LineLexer.swift */; };
		OBJ_54 /* LineLexerStructures.swift in Sources */ = {isa = PBXBuildFile; fileRef = OBJ_16 /* LineLexerStructures.swift */; };
		OBJ_55 /* Ordering.swift in Sources */ = {isa = PBXBuildFile; fileRef = OBJ_18 /* Ordering.swift */; };
		OBJ_56 /* Scanner.swift in Sources */ = {isa = PBXBuildFile; fileRef = OBJ_19 /* Scanner.swift */; };
		OBJ_57 /* Tree.swift in Sources */ = {isa = PBXBuildFile; fileRef = OBJ_20 /* Tree.swift */; };
		OBJ_58 /* InlineAST.swift in Sources */ = {isa = PBXBuildFile; fileRef = OBJ_22 /* InlineAST.swift */; };
		OBJ_59 /* InlineNode.swift in Sources */ = {isa = PBXBuildFile; fileRef = OBJ_23 /* InlineNode.swift */; };
		OBJ_60 /* InlineParsing.swift in Sources */ = {isa = PBXBuildFile; fileRef = OBJ_24 /* InlineParsing.swift */; };
		OBJ_61 /* InlineParsingStructures.swift in Sources */ = {isa = PBXBuildFile; fileRef = OBJ_25 /* InlineParsingStructures.swift */; };
		OBJ_62 /* ProcessEmphasis.swift in Sources */ = {isa = PBXBuildFile; fileRef = OBJ_27 /* ProcessEmphasis.swift */; };
		OBJ_63 /* ProcessEscapingBackslashes.swift in Sources */ = {isa = PBXBuildFile; fileRef = OBJ_28 /* ProcessEscapingBackslashes.swift */; };
		OBJ_64 /* ProcessMonospacedText.swift in Sources */ = {isa = PBXBuildFile; fileRef = OBJ_29 /* ProcessMonospacedText.swift */; };
		OBJ_65 /* ProcessReference.swift in Sources */ = {isa = PBXBuildFile; fileRef = OBJ_30 /* ProcessReference.swift */; };
		OBJ_66 /* ProcessText.swift in Sources */ = {isa = PBXBuildFile; fileRef = OBJ_31 /* ProcessText.swift */; };
		OBJ_73 /* ApodimarkOutput.swift in Sources */ = {isa = PBXBuildFile; fileRef = OBJ_34 /* ApodimarkOutput.swift */; };
		OBJ_74 /* CommonMarkConformanceTests.swift in Sources */ = {isa = PBXBuildFile; fileRef = OBJ_35 /* CommonMarkConformanceTests.swift */; };
		OBJ_75 /* LinkedListsTests.swift in Sources */ = {isa = PBXBuildFile; fileRef = OBJ_36 /* LinkedListsTests.swift */; };
		OBJ_76 /* PerformanceTests.swift in Sources */ = {isa = PBXBuildFile; fileRef = OBJ_37 /* PerformanceTests.swift */; };
		OBJ_78 /* Apodimark.framework in Frameworks */ = {isa = PBXBuildFile; fileRef = OBJ_41 /* Apodimark.framework */; };
/* End PBXBuildFile section */

/* Begin PBXContainerItemProxy section */
		803CF0E71DD1559A00A7DA12 /* PBXContainerItemProxy */ = {
			isa = PBXContainerItemProxy;
			containerPortal = OBJ_1 /* Project object */;
			proxyType = 1;
			remoteGlobalIDString = OBJ_43;
			remoteInfo = Apodimark;
		};
/* End PBXContainerItemProxy section */

/* Begin PBXFileReference section */
		OBJ_10 /* MarkdownParser.swift */ = {isa = PBXFileReference; lastKnownFileType = sourcecode.swift; path = MarkdownParser.swift; sourceTree = "<group>"; };
		OBJ_11 /* MarkdownParserCodec.swift */ = {isa = PBXFileReference; lastKnownFileType = sourcecode.swift; path = MarkdownParserCodec.swift; sourceTree = "<group>"; };
		OBJ_13 /* BlockAST.swift */ = {isa = PBXFileReference; lastKnownFileType = sourcecode.swift; path = BlockAST.swift; sourceTree = "<group>"; };
		OBJ_14 /* BlockParsing.swift */ = {isa = PBXFileReference; lastKnownFileType = sourcecode.swift; path = BlockParsing.swift; sourceTree = "<group>"; };
		OBJ_15 /* LineLexer.swift */ = {isa = PBXFileReference; lastKnownFileType = sourcecode.swift; path = LineLexer.swift; sourceTree = "<group>"; };
		OBJ_16 /* LineLexerStructures.swift */ = {isa = PBXFileReference; lastKnownFileType = sourcecode.swift; path = LineLexerStructures.swift; sourceTree = "<group>"; };
		OBJ_18 /* Ordering.swift */ = {isa = PBXFileReference; lastKnownFileType = sourcecode.swift; path = Ordering.swift; sourceTree = "<group>"; };
		OBJ_19 /* Scanner.swift */ = {isa = PBXFileReference; lastKnownFileType = sourcecode.swift; path = Scanner.swift; sourceTree = "<group>"; };
		OBJ_20 /* Tree.swift */ = {isa = PBXFileReference; lastKnownFileType = sourcecode.swift; path = Tree.swift; sourceTree = "<group>"; };
		OBJ_22 /* InlineAST.swift */ = {isa = PBXFileReference; lastKnownFileType = sourcecode.swift; path = InlineAST.swift; sourceTree = "<group>"; };
		OBJ_23 /* InlineNode.swift */ = {isa = PBXFileReference; lastKnownFileType = sourcecode.swift; path = InlineNode.swift; sourceTree = "<group>"; };
		OBJ_24 /* InlineParsing.swift */ = {isa = PBXFileReference; lastKnownFileType = sourcecode.swift; path = InlineParsing.swift; sourceTree = "<group>"; };
		OBJ_25 /* InlineParsingStructures.swift */ = {isa = PBXFileReference; lastKnownFileType = sourcecode.swift; path = InlineParsingStructures.swift; sourceTree = "<group>"; };
		OBJ_27 /* ProcessEmphasis.swift */ = {isa = PBXFileReference; lastKnownFileType = sourcecode.swift; path = ProcessEmphasis.swift; sourceTree = "<group>"; };
		OBJ_28 /* ProcessEscapingBackslashes.swift */ = {isa = PBXFileReference; lastKnownFileType = sourcecode.swift; path = ProcessEscapingBackslashes.swift; sourceTree = "<group>"; };
		OBJ_29 /* ProcessMonospacedText.swift */ = {isa = PBXFileReference; lastKnownFileType = sourcecode.swift; path = ProcessMonospacedText.swift; sourceTree = "<group>"; };
		OBJ_30 /* ProcessReference.swift */ = {isa = PBXFileReference; lastKnownFileType = sourcecode.swift; path = ProcessReference.swift; sourceTree = "<group>"; };
		OBJ_31 /* ProcessText.swift */ = {isa = PBXFileReference; lastKnownFileType = sourcecode.swift; path = ProcessText.swift; sourceTree = "<group>"; };
		OBJ_34 /* ApodimarkOutput.swift */ = {isa = PBXFileReference; lastKnownFileType = sourcecode.swift; path = ApodimarkOutput.swift; sourceTree = "<group>"; };
		OBJ_35 /* CommonMarkConformanceTests.swift */ = {isa = PBXFileReference; lastKnownFileType = sourcecode.swift; path = CommonMarkConformanceTests.swift; sourceTree = "<group>"; };
		OBJ_36 /* LinkedListsTests.swift */ = {isa = PBXFileReference; lastKnownFileType = sourcecode.swift; path = LinkedListsTests.swift; sourceTree = "<group>"; };
		OBJ_37 /* PerformanceTests.swift */ = {isa = PBXFileReference; lastKnownFileType = sourcecode.swift; path = PerformanceTests.swift; sourceTree = "<group>"; };
		OBJ_38 /* internal */ = {isa = PBXFileReference; lastKnownFileType = folder; path = internal; sourceTree = SOURCE_ROOT; };
		OBJ_39 /* test-files */ = {isa = PBXFileReference; lastKnownFileType = folder; path = "test-files"; sourceTree = SOURCE_ROOT; };
		OBJ_41 /* Apodimark.framework */ = {isa = PBXFileReference; explicitFileType = wrapper.framework; path = Apodimark.framework; sourceTree = BUILT_PRODUCTS_DIR; };
		OBJ_42 /* ApodimarkTests.xctest */ = {isa = PBXFileReference; lastKnownFileType = file; path = ApodimarkTests.xctest; sourceTree = BUILT_PRODUCTS_DIR; };
		OBJ_6 /* Package.swift */ = {isa = PBXFileReference; explicitFileType = sourcecode.swift; path = Package.swift; sourceTree = "<group>"; };
		OBJ_9 /* Apodimark.swift */ = {isa = PBXFileReference; lastKnownFileType = sourcecode.swift; path = Apodimark.swift; sourceTree = "<group>"; };
/* End PBXFileReference section */

/* Begin PBXFrameworksBuildPhase section */
		OBJ_67 /* Frameworks */ = {
			isa = PBXFrameworksBuildPhase;
			buildActionMask = 0;
			files = (
			);
			runOnlyForDeploymentPostprocessing = 0;
		};
		OBJ_77 /* Frameworks */ = {
			isa = PBXFrameworksBuildPhase;
			buildActionMask = 0;
			files = (
				OBJ_78 /* Apodimark.framework in Frameworks */,
			);
			runOnlyForDeploymentPostprocessing = 0;
		};
/* End PBXFrameworksBuildPhase section */

/* Begin PBXGroup section */
		OBJ_12 /* BlockParsing */ = {
			isa = PBXGroup;
			children = (
				OBJ_13 /* BlockAST.swift */,
				OBJ_14 /* BlockParsing.swift */,
				OBJ_15 /* LineLexer.swift */,
				OBJ_16 /* LineLexerStructures.swift */,
			);
			path = BlockParsing;
			sourceTree = "<group>";
		};
		OBJ_17 /* DataStructures */ = {
			isa = PBXGroup;
			children = (
				OBJ_18 /* Ordering.swift */,
				OBJ_19 /* Scanner.swift */,
				OBJ_20 /* Tree.swift */,
			);
			path = DataStructures;
			sourceTree = "<group>";
		};
		OBJ_21 /* InlineParsing */ = {
			isa = PBXGroup;
			children = (
				OBJ_22 /* InlineAST.swift */,
				OBJ_23 /* InlineNode.swift */,
				OBJ_24 /* InlineParsing.swift */,
				OBJ_25 /* InlineParsingStructures.swift */,
				OBJ_26 /* DelimiterArray */,
			);
			path = InlineParsing;
			sourceTree = "<group>";
		};
		OBJ_26 /* DelimiterArray */ = {
			isa = PBXGroup;
			children = (
				OBJ_27 /* ProcessEmphasis.swift */,
				OBJ_28 /* ProcessEscapingBackslashes.swift */,
				OBJ_29 /* ProcessMonospacedText.swift */,
				OBJ_30 /* ProcessReference.swift */,
				OBJ_31 /* ProcessText.swift */,
			);
			path = DelimiterArray;
			sourceTree = "<group>";
		};
		OBJ_32 /* Tests */ = {
			isa = PBXGroup;
			children = (
				OBJ_33 /* ApodimarkTests */,
			);
			path = Tests;
			sourceTree = "<group>";
		};
		OBJ_33 /* ApodimarkTests */ = {
			isa = PBXGroup;
			children = (
				OBJ_34 /* ApodimarkOutput.swift */,
				OBJ_35 /* CommonMarkConformanceTests.swift */,
				OBJ_36 /* LinkedListsTests.swift */,
				OBJ_37 /* PerformanceTests.swift */,
			);
			name = ApodimarkTests;
			path = Tests/ApodimarkTests;
			sourceTree = SOURCE_ROOT;
		};
		OBJ_40 /* Products */ = {
			isa = PBXGroup;
			children = (
				OBJ_41 /* Apodimark.framework */,
				OBJ_42 /* ApodimarkTests.xctest */,
			);
			name = Products;
			sourceTree = BUILT_PRODUCTS_DIR;
		};
		OBJ_5 /*  */ = {
			isa = PBXGroup;
			children = (
				OBJ_6 /* Package.swift */,
				OBJ_7 /* Sources */,
				OBJ_32 /* Tests */,
				OBJ_38 /* internal */,
				OBJ_39 /* test-files */,
				OBJ_40 /* Products */,
			);
			name = "";
			sourceTree = "<group>";
		};
		OBJ_7 /* Sources */ = {
			isa = PBXGroup;
			children = (
				OBJ_8 /* Apodimark */,
			);
			path = Sources;
			sourceTree = "<group>";
		};
		OBJ_8 /* Apodimark */ = {
			isa = PBXGroup;
			children = (
				OBJ_9 /* Apodimark.swift */,
				OBJ_10 /* MarkdownParser.swift */,
				OBJ_11 /* MarkdownParserCodec.swift */,
				OBJ_12 /* BlockParsing */,
				OBJ_17 /* DataStructures */,
				OBJ_21 /* InlineParsing */,
			);
			name = Apodimark;
			path = Sources/Apodimark;
			sourceTree = SOURCE_ROOT;
		};
/* End PBXGroup section */

/* Begin PBXNativeTarget section */
		OBJ_43 /* Apodimark */ = {
			isa = PBXNativeTarget;
			buildConfigurationList = OBJ_44 /* Build configuration list for PBXNativeTarget "Apodimark" */;
			buildPhases = (
				OBJ_47 /* Sources */,
				OBJ_67 /* Frameworks */,
			);
			buildRules = (
			);
			dependencies = (
			);
			name = Apodimark;
			productName = Apodimark;
			productReference = OBJ_41 /* Apodimark.framework */;
			productType = "com.apple.product-type.framework";
		};
		OBJ_68 /* ApodimarkTests */ = {
			isa = PBXNativeTarget;
			buildConfigurationList = OBJ_69 /* Build configuration list for PBXNativeTarget "ApodimarkTests" */;
			buildPhases = (
				OBJ_72 /* Sources */,
				OBJ_77 /* Frameworks */,
			);
			buildRules = (
			);
			dependencies = (
				OBJ_79 /* PBXTargetDependency */,
			);
			name = ApodimarkTests;
			productName = ApodimarkTests;
			productReference = OBJ_42 /* ApodimarkTests.xctest */;
			productType = "com.apple.product-type.bundle.unit-test";
		};
/* End PBXNativeTarget section */

/* Begin PBXProject section */
		OBJ_1 /* Project object */ = {
			isa = PBXProject;
			attributes = {
				LastUpgradeCheck = 9999;
			};
			buildConfigurationList = OBJ_2 /* Build configuration list for PBXProject "Apodimark" */;
			compatibilityVersion = "Xcode 3.2";
			developmentRegion = English;
			hasScannedForEncodings = 0;
			knownRegions = (
				en,
			);
			mainGroup = OBJ_5 /*  */;
			productRefGroup = OBJ_40 /* Products */;
			projectDirPath = "";
			projectRoot = "";
			targets = (
				OBJ_43 /* Apodimark */,
				OBJ_68 /* ApodimarkTests */,
			);
		};
/* End PBXProject section */

/* Begin PBXSourcesBuildPhase section */
		OBJ_47 /* Sources */ = {
			isa = PBXSourcesBuildPhase;
			buildActionMask = 0;
			files = (
				OBJ_48 /* Apodimark.swift in Sources */,
				OBJ_49 /* MarkdownParser.swift in Sources */,
				OBJ_50 /* MarkdownParserCodec.swift in Sources */,
				OBJ_51 /* BlockAST.swift in Sources */,
				OBJ_52 /* BlockParsing.swift in Sources */,
				OBJ_53 /* LineLexer.swift in Sources */,
				OBJ_54 /* LineLexerStructures.swift in Sources */,
				OBJ_55 /* Ordering.swift in Sources */,
				OBJ_56 /* Scanner.swift in Sources */,
				OBJ_57 /* Tree.swift in Sources */,
				OBJ_58 /* InlineAST.swift in Sources */,
				OBJ_59 /* InlineNode.swift in Sources */,
				OBJ_60 /* InlineParsing.swift in Sources */,
				OBJ_61 /* InlineParsingStructures.swift in Sources */,
				OBJ_62 /* ProcessEmphasis.swift in Sources */,
				OBJ_63 /* ProcessEscapingBackslashes.swift in Sources */,
				OBJ_64 /* ProcessMonospacedText.swift in Sources */,
				OBJ_65 /* ProcessReference.swift in Sources */,
				OBJ_66 /* ProcessText.swift in Sources */,
			);
			runOnlyForDeploymentPostprocessing = 0;
		};
		OBJ_72 /* Sources */ = {
			isa = PBXSourcesBuildPhase;
			buildActionMask = 0;
			files = (
				OBJ_73 /* ApodimarkOutput.swift in Sources */,
				OBJ_74 /* CommonMarkConformanceTests.swift in Sources */,
				OBJ_75 /* LinkedListsTests.swift in Sources */,
				OBJ_76 /* PerformanceTests.swift in Sources */,
			);
			runOnlyForDeploymentPostprocessing = 0;
		};
/* End PBXSourcesBuildPhase section */

/* Begin PBXTargetDependency section */
		OBJ_79 /* PBXTargetDependency */ = {
			isa = PBXTargetDependency;
			target = OBJ_43 /* Apodimark */;
			targetProxy = 803CF0E71DD1559A00A7DA12 /* PBXContainerItemProxy */;
		};
/* End PBXTargetDependency section */

/* Begin XCBuildConfiguration section */
		OBJ_3 /* Debug */ = {
			isa = XCBuildConfiguration;
			buildSettings = {
				COMBINE_HIDPI_IMAGES = YES;
				COPY_PHASE_STRIP = NO;
				DEBUG_INFORMATION_FORMAT = dwarf;
				DYLIB_INSTALL_NAME_BASE = "@rpath";
				ENABLE_NS_ASSERTIONS = YES;
				GCC_OPTIMIZATION_LEVEL = 0;
				MACOSX_DEPLOYMENT_TARGET = 10.10;
				ONLY_ACTIVE_ARCH = YES;
				OTHER_SWIFT_FLAGS = "-DXcode";
				PRODUCT_NAME = "$(TARGET_NAME)";
				SUPPORTED_PLATFORMS = "macosx iphoneos iphonesimulator appletvos appletvsimulator watchos watchsimulator";
				SWIFT_OPTIMIZATION_LEVEL = "-Onone";
				USE_HEADERMAP = NO;
			};
			name = Debug;
		};
		OBJ_4 /* Release */ = {
			isa = XCBuildConfiguration;
			buildSettings = {
				COMBINE_HIDPI_IMAGES = YES;
				COPY_PHASE_STRIP = YES;
				DEBUG_INFORMATION_FORMAT = "dwarf-with-dsym";
				DYLIB_INSTALL_NAME_BASE = "@rpath";
				GCC_OPTIMIZATION_LEVEL = s;
				MACOSX_DEPLOYMENT_TARGET = 10.10;
				OTHER_SWIFT_FLAGS = "-DXcode";
				PRODUCT_NAME = "$(TARGET_NAME)";
				SUPPORTED_PLATFORMS = "macosx iphoneos iphonesimulator appletvos appletvsimulator watchos watchsimulator";
				SWIFT_OPTIMIZATION_LEVEL = "-O";
				USE_HEADERMAP = NO;
			};
			name = Release;
		};
		OBJ_45 /* Debug */ = {
			isa = XCBuildConfiguration;
			buildSettings = {
				ENABLE_TESTABILITY = YES;
				FRAMEWORK_SEARCH_PATHS = "$(PLATFORM_DIR)/Developer/Library/Frameworks";
				HEADER_SEARCH_PATHS = "";
				INFOPLIST_FILE = Apodimark.xcodeproj/Apodimark_Info.plist;
				LD_RUNPATH_SEARCH_PATHS = "$(TOOLCHAIN_DIR)/usr/lib/swift/macosx";
				OTHER_LDFLAGS = "$(inherited)";
				OTHER_SWIFT_FLAGS = "$(inherited)";
				PRODUCT_BUNDLE_IDENTIFIER = Apodimark;
				PRODUCT_MODULE_NAME = "$(TARGET_NAME:c99extidentifier)";
				PRODUCT_NAME = "$(TARGET_NAME:c99extidentifier)";
				SUPPORTED_PLATFORMS = macosx;
				SWIFT_ACTIVE_COMPILATION_CONDITIONS = SWIFT_PACKAGE;
				SWIFT_VERSION = 3.0;
				TARGET_NAME = Apodimark;
			};
			name = Debug;
		};
		OBJ_46 /* Release */ = {
			isa = XCBuildConfiguration;
			buildSettings = {
				ENABLE_TESTABILITY = YES;
				FRAMEWORK_SEARCH_PATHS = "$(PLATFORM_DIR)/Developer/Library/Frameworks";
				HEADER_SEARCH_PATHS = "";
				INFOPLIST_FILE = Apodimark.xcodeproj/Apodimark_Info.plist;
				LD_RUNPATH_SEARCH_PATHS = "$(TOOLCHAIN_DIR)/usr/lib/swift/macosx";
				OTHER_LDFLAGS = "$(inherited)";
				OTHER_SWIFT_FLAGS = "$(inherited)";
				PRODUCT_BUNDLE_IDENTIFIER = Apodimark;
				PRODUCT_MODULE_NAME = "$(TARGET_NAME:c99extidentifier)";
				PRODUCT_NAME = "$(TARGET_NAME:c99extidentifier)";
				SUPPORTED_PLATFORMS = macosx;
				SWIFT_ACTIVE_COMPILATION_CONDITIONS = SWIFT_PACKAGE;
				SWIFT_VERSION = 3.0;
				TARGET_NAME = Apodimark;
			};
			name = Release;
		};
		OBJ_70 /* Debug */ = {
			isa = XCBuildConfiguration;
			buildSettings = {
				EMBEDDED_CONTENT_CONTAINS_SWIFT = YES;
				FRAMEWORK_SEARCH_PATHS = "$(PLATFORM_DIR)/Developer/Library/Frameworks";
				HEADER_SEARCH_PATHS = "";
				INFOPLIST_FILE = Apodimark.xcodeproj/ApodimarkTests_Info.plist;
				LD_RUNPATH_SEARCH_PATHS = "@loader_path/../Frameworks";
				OTHER_LDFLAGS = "$(inherited)";
				OTHER_SWIFT_FLAGS = "$(inherited)";
				SUPPORTED_PLATFORMS = macosx;
				SWIFT_ACTIVE_COMPILATION_CONDITIONS = SWIFT_PACKAGE;
				SWIFT_VERSION = 3.0;
				TARGET_NAME = ApodimarkTests;
			};
			name = Debug;
		};
		OBJ_71 /* Release */ = {
			isa = XCBuildConfiguration;
			buildSettings = {
				EMBEDDED_CONTENT_CONTAINS_SWIFT = YES;
				FRAMEWORK_SEARCH_PATHS = "$(PLATFORM_DIR)/Developer/Library/Frameworks";
				HEADER_SEARCH_PATHS = "";
				INFOPLIST_FILE = Apodimark.xcodeproj/ApodimarkTests_Info.plist;
				LD_RUNPATH_SEARCH_PATHS = "@loader_path/../Frameworks";
				OTHER_LDFLAGS = "$(inherited)";
				OTHER_SWIFT_FLAGS = "$(inherited)";
				SUPPORTED_PLATFORMS = macosx;
				SWIFT_ACTIVE_COMPILATION_CONDITIONS = SWIFT_PACKAGE;
				SWIFT_VERSION = 3.0;
				TARGET_NAME = ApodimarkTests;
			};
			name = Release;
		};
/* End XCBuildConfiguration section */

/* Begin XCConfigurationList section */
		OBJ_2 /* Build configuration list for PBXProject "Apodimark" */ = {
			isa = XCConfigurationList;
			buildConfigurations = (
				OBJ_3 /* Debug */,
				OBJ_4 /* Release */,
			);
			defaultConfigurationIsVisible = 0;
			defaultConfigurationName = Debug;
		};
		OBJ_44 /* Build configuration list for PBXNativeTarget "Apodimark" */ = {
			isa = XCConfigurationList;
			buildConfigurations = (
				OBJ_45 /* Debug */,
				OBJ_46 /* Release */,
			);
			defaultConfigurationIsVisible = 0;
			defaultConfigurationName = Debug;
		};
		OBJ_69 /* Build configuration list for PBXNativeTarget "ApodimarkTests" */ = {
			isa = XCConfigurationList;
			buildConfigurations = (
				OBJ_70 /* Debug */,
				OBJ_71 /* Release */,
			);
			defaultConfigurationIsVisible = 0;
			defaultConfigurationName = Debug;
		};
/* End XCConfigurationList section */
	};
	rootObject = OBJ_1 /* Project object */;
}
